
Microsoft Visual Studio Solution File, Format Version 12.00
# Visual Studio Version 17
VisualStudioVersion = 17.5.33516.290
MinimumVisualStudioVersion = 10.0.40219.1
Project("{FAE04EC0-301F-11D3-BF4B-00C04F79EFBC}") = "Desktop4_CaffeeShop", "Desktop4_CaffeeShop\Desktop4_CaffeeShop.csproj", "{59BF6F12-D5C7-49B8-8145-E8BD636066D4}"
EndProject
Global
	GlobalSection(SolutionConfigurationPlatforms) = preSolution
		Debug|Any CPU = Debug|Any CPU
		Release|Any CPU = Release|Any CPU
	EndGlobalSection
	GlobalSection(ProjectConfigurationPlatforms) = postSolution
		{59BF6F12-D5C7-49B8-8145-E8BD636066D4}.Debug|Any CPU.ActiveCfg = Debug|Any CPU
		{59BF6F12-D5C7-49B8-8145-E8BD636066D4}.Debug|Any CPU.Build.0 = Debug|Any CPU
		{59BF6F12-D5C7-49B8-8145-E8BD636066D4}.Release|Any CPU.ActiveCfg = Release|Any CPU
		{59BF6F12-D5C7-49B8-8145-E8BD636066D4}.Release|Any CPU.Build.0 = Release|Any CPU
	EndGlobalSection
	GlobalSection(SolutionProperties) = preSolution
		HideSolutionNode = FALSE
	EndGlobalSection
	GlobalSection(ExtensibilityGlobals) = postSolution
		SolutionGuid = {DE031E60-9509-4C87-9248-1897A4D9FB43}
	EndGlobalSection
EndGlobal
